// !$*UTF8*$!
{
	archiveVersion = 1;
	classes = {
	};
	objectVersion = 46;
	objects = {

/* Begin PBXBuildFile section */
		1565E96D1BF8212D00F218CC /* main.m in Sources */ = {isa = PBXBuildFile; fileRef = 1565E96C1BF8212D00F218CC /* main.m */; };
		1565E9741BF8213F00F218CC /* Carbon.framework in Frameworks */ = {isa = PBXBuildFile; fileRef = 1565E9731BF8213F00F218CC /* Carbon.framework */; };
/* End PBXBuildFile section */

/* Begin PBXCopyFilesBuildPhase section */
		1565E9671BF8212D00F218CC /* CopyFiles */ = {
			isa = PBXCopyFilesBuildPhase;
			buildActionMask = 2147483647;
			dstPath = /usr/share/man/man1/;
			dstSubfolderSpec = 0;
			files = (
			);
			runOnlyForDeploymentPostprocessing = 1;
		};
/* End PBXCopyFilesBuildPhase section */

/* Begin PBXFileReference section */
		1565E9691BF8212D00F218CC /* hotkeyd */ = {isa = PBXFileReference; explicitFileType = "compiled.mach-o.executable"; includeInIndex = 0; path = hotkeyd; sourceTree = BUILT_PRODUCTS_DIR; };
		1565E96C1BF8212D00F218CC /* main.m */ = {isa = PBXFileReference; lastKnownFileType = sourcecode.c.objc; path = main.m; sourceTree = "<group>"; };
		1565E9731BF8213F00F218CC /* Carbon.framework */ = {isa = PBXFileReference; lastKnownFileType = wrapper.framework; name = Carbon.framework; path = System/Library/Frameworks/Carbon.framework; sourceTree = SDKROOT; };
		1565E9761BF83D5100F218CC /* Info.plist */ = {isa = PBXFileReference; fileEncoding = 4; lastKnownFileType = text.plist.xml; path = Info.plist; sourceTree = "<group>"; };
		1565E9771BF83F8700F218CC /* com.pewpewthespells.hotkeyd.plist */ = {isa = PBXFileReference; fileEncoding = 4; lastKnownFileType = text.plist.xml; path = com.pewpewthespells.hotkeyd.plist; sourceTree = "<group>"; };
/* End PBXFileReference section */

/* Begin PBXFrameworksBuildPhase section */
		1565E9661BF8212D00F218CC /* Frameworks */ = {
			isa = PBXFrameworksBuildPhase;
			buildActionMask = 2147483647;
			files = (
				1565E9741BF8213F00F218CC /* Carbon.framework in Frameworks */,
			);
			runOnlyForDeploymentPostprocessing = 0;
		};
/* End PBXFrameworksBuildPhase section */

/* Begin PBXGroup section */
		1565E9601BF8212D00F218CC = {
			isa = PBXGroup;
			children = (
				1565E9771BF83F8700F218CC /* com.pewpewthespells.hotkeyd.plist */,
				1565E96B1BF8212D00F218CC /* hotkeyd */,
				1565E9751BF8214300F218CC /* Frameworks */,
				1565E96A1BF8212D00F218CC /* Products */,
			);
			sourceTree = "<group>";
		};
		1565E96A1BF8212D00F218CC /* Products */ = {
			isa = PBXGroup;
			children = (
				1565E9691BF8212D00F218CC /* hotkeyd */,
			);
			name = Products;
			sourceTree = "<group>";
		};
		1565E96B1BF8212D00F218CC /* hotkeyd */ = {
			isa = PBXGroup;
			children = (
				1565E96C1BF8212D00F218CC /* main.m */,
				1565E9761BF83D5100F218CC /* Info.plist */,
			);
			path = hotkeyd;
			sourceTree = "<group>";
		};
		1565E9751BF8214300F218CC /* Frameworks */ = {
			isa = PBXGroup;
			children = (
				1565E9731BF8213F00F218CC /* Carbon.framework */,
			);
			name = Frameworks;
			sourceTree = "<group>";
		};
/* End PBXGroup section */

/* Begin PBXNativeTarget section */
		1565E9681BF8212D00F218CC /* hotkeyd */ = {
			isa = PBXNativeTarget;
			buildConfigurationList = 1565E9701BF8212D00F218CC /* Build configuration list for PBXNativeTarget "hotkeyd" */;
			buildPhases = (
				1565E9651BF8212D00F218CC /* Sources */,
				1565E9661BF8212D00F218CC /* Frameworks */,
				1565E9671BF8212D00F218CC /* CopyFiles */,
			);
			buildRules = (
			);
			dependencies = (
			);
			name = hotkeyd;
			productName = hotkeyd;
			productReference = 1565E9691BF8212D00F218CC /* hotkeyd */;
			productType = "com.apple.product-type.tool";
		};
/* End PBXNativeTarget section */

/* Begin PBXProject section */
		1565E9611BF8212D00F218CC /* Project object */ = {
			isa = PBXProject;
			attributes = {
				LastUpgradeCheck = 0710;
				ORGANIZATIONNAME = "Samantha Marshall";
				TargetAttributes = {
					1565E9681BF8212D00F218CC = {
						CreatedOnToolsVersion = 7.1.1;
					};
				};
			};
			buildConfigurationList = 1565E9641BF8212D00F218CC /* Build configuration list for PBXProject "hotkeyd" */;
			compatibilityVersion = "Xcode 3.2";
			developmentRegion = English;
			hasScannedForEncodings = 0;
			knownRegions = (
				en,
			);
			mainGroup = 1565E9601BF8212D00F218CC;
			productRefGroup = 1565E96A1BF8212D00F218CC /* Products */;
			projectDirPath = "";
			projectRoot = "";
			targets = (
				1565E9681BF8212D00F218CC /* hotkeyd */,
			);
		};
/* End PBXProject section */

/* Begin PBXSourcesBuildPhase section */
		1565E9651BF8212D00F218CC /* Sources */ = {
			isa = PBXSourcesBuildPhase;
			buildActionMask = 2147483647;
			files = (
				1565E96D1BF8212D00F218CC /* main.m in Sources */,
			);
			runOnlyForDeploymentPostprocessing = 0;
		};
/* End PBXSourcesBuildPhase section */

/* Begin XCBuildConfiguration section */
		1565E96E1BF8212D00F218CC /* Debug */ = {
			isa = XCBuildConfiguration;
			buildSettings = {
				ALWAYS_SEARCH_USER_PATHS = NO;
				CLANG_CXX_LANGUAGE_STANDARD = "gnu++0x";
				CLANG_CXX_LIBRARY = "libc++";
				CLANG_ENABLE_MODULES = YES;
				CLANG_ENABLE_OBJC_ARC = YES;
				CLANG_WARN_BOOL_CONVERSION = YES;
				CLANG_WARN_CONSTANT_CONVERSION = YES;
				CLANG_WARN_DIRECT_OBJC_ISA_USAGE = YES_ERROR;
				CLANG_WARN_EMPTY_BODY = YES;
				CLANG_WARN_ENUM_CONVERSION = YES;
				CLANG_WARN_INT_CONVERSION = YES;
				CLANG_WARN_OBJC_ROOT_CLASS = YES_ERROR;
				CLANG_WARN_UNREACHABLE_CODE = YES;
				CLANG_WARN__DUPLICATE_METHOD_MATCH = YES;
				CODE_SIGN_IDENTITY = "Developer ID Application";
				COPY_PHASE_STRIP = NO;
				DEBUG_INFORMATION_FORMAT = dwarf;
				ENABLE_STRICT_OBJC_MSGSEND = YES;
				ENABLE_TESTABILITY = YES;
				GCC_C_LANGUAGE_STANDARD = gnu99;
				GCC_DYNAMIC_NO_PIC = NO;
				GCC_NO_COMMON_BLOCKS = YES;
				GCC_OPTIMIZATION_LEVEL = 0;
				GCC_PREPROCESSOR_DEFINITIONS = (
					"DEBUG=1",
					"$(inherited)",
				);
				GCC_WARN_64_TO_32_BIT_CONVERSION = YES;
				GCC_WARN_ABOUT_RETURN_TYPE = YES_ERROR;
				GCC_WARN_UNDECLARED_SELECTOR = YES;
				GCC_WARN_UNINITIALIZED_AUTOS = YES_AGGRESSIVE;
				GCC_WARN_UNUSED_FUNCTION = YES;
				GCC_WARN_UNUSED_VARIABLE = YES;
				MACOSX_DEPLOYMENT_TARGET = 10.9;
				MTL_ENABLE_DEBUG_INFO = YES;
				ONLY_ACTIVE_ARCH = YES;
				SDKROOT = macosx;
			};
			name = Debug;
		};
		1565E96F1BF8212D00F218CC /* Release */ = {
			isa = XCBuildConfiguration;
			buildSettings = {
				ALWAYS_SEARCH_USER_PATHS = NO;
				CLANG_CXX_LANGUAGE_STANDARD = "gnu++0x";
				CLANG_CXX_LIBRARY = "libc++";
				CLANG_ENABLE_MODULES = YES;
				CLANG_ENABLE_OBJC_ARC = YES;
				CLANG_WARN_BOOL_CONVERSION = YES;
				CLANG_WARN_CONSTANT_CONVERSION = YES;
				CLANG_WARN_DIRECT_OBJC_ISA_USAGE = YES_ERROR;
				CLANG_WARN_EMPTY_BODY = YES;
				CLANG_WARN_ENUM_CONVERSION = YES;
				CLANG_WARN_INT_CONVERSION = YES;
				CLANG_WARN_OBJC_ROOT_CLASS = YES_ERROR;
				CLANG_WARN_UNREACHABLE_CODE = YES;
				CLANG_WARN__DUPLICATE_METHOD_MATCH = YES;
				CODE_SIGN_IDENTITY = "Developer ID Application";
				COPY_PHASE_STRIP = NO;
				DEBUG_INFORMATION_FORMAT = "dwarf-with-dsym";
				ENABLE_NS_ASSERTIONS = NO;
				ENABLE_STRICT_OBJC_MSGSEND = YES;
				GCC_C_LANGUAGE_STANDARD = gnu99;
				GCC_NO_COMMON_BLOCKS = YES;
				GCC_WARN_64_TO_32_BIT_CONVERSION = YES;
				GCC_WARN_ABOUT_RETURN_TYPE = YES_ERROR;
				GCC_WARN_UNDECLARED_SELECTOR = YES;
				GCC_WARN_UNINITIALIZED_AUTOS = YES_AGGRESSIVE;
				GCC_WARN_UNUSED_FUNCTION = YES;
				GCC_WARN_UNUSED_VARIABLE = YES;
				MACOSX_DEPLOYMENT_TARGET = 10.9;
				MTL_ENABLE_DEBUG_INFO = NO;
				SDKROOT = macosx;
			};
			name = Release;
		};
		1565E9711BF8212D00F218CC /* Debug */ = {
			isa = XCBuildConfiguration;
			buildSettings = {
				CREATE_INFOPLIST_SECTION_IN_BINARY = YES;
				INFOPLIST_FILE = "$(SRCROOT)/hotkeyd/Info.plist";
				PRODUCT_NAME = "$(TARGET_NAME)";
			};
			name = Debug;
		};
		1565E9721BF8212D00F218CC /* Release */ = {
			isa = XCBuildConfiguration;
			buildSettings = {
				CREATE_INFOPLIST_SECTION_IN_BINARY = YES;
				INFOPLIST_FILE = "$(SRCROOT)/hotkeyd/Info.plist";
				PRODUCT_NAME = "$(TARGET_NAME)";
			};
			name = Release;
		};
/* End XCBuildConfiguration section */

/* Begin XCConfigurationList section */
		1565E9641BF8212D00F218CC /* Build configuration list for PBXProject "hotkeyd" */ = {
			isa = XCConfigurationList;
			buildConfigurations = (
				1565E96E1BF8212D00F218CC /* Debug */,
				1565E96F1BF8212D00F218CC /* Release */,
			);
			defaultConfigurationIsVisible = 0;
			defaultConfigurationName = Release;
		};
		1565E9701BF8212D00F218CC /* Build configuration list for PBXNativeTarget "hotkeyd" */ = {
			isa = XCConfigurationList;
			buildConfigurations = (
				1565E9711BF8212D00F218CC /* Debug */,
				1565E9721BF8212D00F218CC /* Release */,
			);
			defaultConfigurationIsVisible = 0;
		};
/* End XCConfigurationList section */
	};
	rootObject = 1565E9611BF8212D00F218CC /* Project object */;
}
